// !$*UTF8*$!
{
	archiveVersion = 1;
	classes = {
	};
	objectVersion = 56;
	objects = {

/* Begin PBXBuildFile section */
		B09A20D729AE93CD0016AE90 /* TicTacToe_SwiftUIApp.swift in Sources */ = {isa = PBXBuildFile; fileRef = B09A20D629AE93CD0016AE90 /* TicTacToe_SwiftUIApp.swift */; };
		B09A20D929AE93CD0016AE90 /* ContentView.swift in Sources */ = {isa = PBXBuildFile; fileRef = B09A20D829AE93CD0016AE90 /* ContentView.swift */; };
		B09A20DB29AE93D00016AE90 /* Assets.xcassets in Resources */ = {isa = PBXBuildFile; fileRef = B09A20DA29AE93D00016AE90 /* Assets.xcassets */; };
		B09A20DE29AE93D00016AE90 /* Preview Assets.xcassets in Resources */ = {isa = PBXBuildFile; fileRef = B09A20DD29AE93D00016AE90 /* Preview Assets.xcassets */; };
		B09A20E829AE93D10016AE90 /* TicTacToe_SwiftUITests.swift in Sources */ = {isa = PBXBuildFile; fileRef = B09A20E729AE93D10016AE90 /* TicTacToe_SwiftUITests.swift */; };
		B09A20F229AE93D10016AE90 /* TicTacToe_SwiftUIUITests.swift in Sources */ = {isa = PBXBuildFile; fileRef = B09A20F129AE93D10016AE90 /* TicTacToe_SwiftUIUITests.swift */; };
		B09A20F429AE93D10016AE90 /* TicTacToe_SwiftUIUITestsLaunchTests.swift in Sources */ = {isa = PBXBuildFile; fileRef = B09A20F329AE93D10016AE90 /* TicTacToe_SwiftUIUITestsLaunchTests.swift */; };
/* End PBXBuildFile section */

/* Begin PBXContainerItemProxy section */
		B09A20E429AE93D10016AE90 /* PBXContainerItemProxy */ = {
			isa = PBXContainerItemProxy;
			containerPortal = B09A20CB29AE93CD0016AE90 /* Project object */;
			proxyType = 1;
			remoteGlobalIDString = B09A20D229AE93CD0016AE90;
			remoteInfo = "TicTacToe SwiftUI";
		};
		B09A20EE29AE93D10016AE90 /* PBXContainerItemProxy */ = {
			isa = PBXContainerItemProxy;
			containerPortal = B09A20CB29AE93CD0016AE90 /* Project object */;
			proxyType = 1;
			remoteGlobalIDString = B09A20D229AE93CD0016AE90;
			remoteInfo = "TicTacToe SwiftUI";
		};
/* End PBXContainerItemProxy section */

/* Begin PBXFileReference section */
		B09A20D329AE93CD0016AE90 /* TicTacToe SwiftUI.app */ = {isa = PBXFileReference; explicitFileType = wrapper.application; includeInIndex = 0; path = "TicTacToe SwiftUI.app"; sourceTree = BUILT_PRODUCTS_DIR; };
		B09A20D629AE93CD0016AE90 /* TicTacToe_SwiftUIApp.swift */ = {isa = PBXFileReference; lastKnownFileType = sourcecode.swift; path = TicTacToe_SwiftUIApp.swift; sourceTree = "<group>"; };
		B09A20D829AE93CD0016AE90 /* ContentView.swift */ = {isa = PBXFileReference; lastKnownFileType = sourcecode.swift; path = ContentView.swift; sourceTree = "<group>"; };
		B09A20DA29AE93D00016AE90 /* Assets.xcassets */ = {isa = PBXFileReference; lastKnownFileType = folder.assetcatalog; path = Assets.xcassets; sourceTree = "<group>"; };
		B09A20DD29AE93D00016AE90 /* Preview Assets.xcassets */ = {isa = PBXFileReference; lastKnownFileType = folder.assetcatalog; path = "Preview Assets.xcassets"; sourceTree = "<group>"; };
		B09A20E329AE93D10016AE90 /* TicTacToe SwiftUITests.xctest */ = {isa = PBXFileReference; explicitFileType = wrapper.cfbundle; includeInIndex = 0; path = "TicTacToe SwiftUITests.xctest"; sourceTree = BUILT_PRODUCTS_DIR; };
		B09A20E729AE93D10016AE90 /* TicTacToe_SwiftUITests.swift */ = {isa = PBXFileReference; lastKnownFileType = sourcecode.swift; path = TicTacToe_SwiftUITests.swift; sourceTree = "<group>"; };
		B09A20ED29AE93D10016AE90 /* TicTacToe SwiftUIUITests.xctest */ = {isa = PBXFileReference; explicitFileType = wrapper.cfbundle; includeInIndex = 0; path = "TicTacToe SwiftUIUITests.xctest"; sourceTree = BUILT_PRODUCTS_DIR; };
		B09A20F129AE93D10016AE90 /* TicTacToe_SwiftUIUITests.swift */ = {isa = PBXFileReference; lastKnownFileType = sourcecode.swift; path = TicTacToe_SwiftUIUITests.swift; sourceTree = "<group>"; };
		B09A20F329AE93D10016AE90 /* TicTacToe_SwiftUIUITestsLaunchTests.swift */ = {isa = PBXFileReference; lastKnownFileType = sourcecode.swift; path = TicTacToe_SwiftUIUITestsLaunchTests.swift; sourceTree = "<group>"; };
/* End PBXFileReference section */

/* Begin PBXFrameworksBuildPhase section */
		B09A20D029AE93CD0016AE90 /* Frameworks */ = {
			isa = PBXFrameworksBuildPhase;
			buildActionMask = 2147483647;
			files = (
			);
			runOnlyForDeploymentPostprocessing = 0;
		};
		B09A20E029AE93D10016AE90 /* Frameworks */ = {
			isa = PBXFrameworksBuildPhase;
			buildActionMask = 2147483647;
			files = (
			);
			runOnlyForDeploymentPostprocessing = 0;
		};
		B09A20EA29AE93D10016AE90 /* Frameworks */ = {
			isa = PBXFrameworksBuildPhase;
			buildActionMask = 2147483647;
			files = (
			);
			runOnlyForDeploymentPostprocessing = 0;
		};
/* End PBXFrameworksBuildPhase section */

/* Begin PBXGroup section */
		B09A20CA29AE93CD0016AE90 = {
			isa = PBXGroup;
			children = (
				B09A20D529AE93CD0016AE90 /* TicTacToe SwiftUI */,
				B09A20E629AE93D10016AE90 /* TicTacToe SwiftUITests */,
				B09A20F029AE93D10016AE90 /* TicTacToe SwiftUIUITests */,
				B09A20D429AE93CD0016AE90 /* Products */,
			);
			sourceTree = "<group>";
		};
		B09A20D429AE93CD0016AE90 /* Products */ = {
			isa = PBXGroup;
			children = (
				B09A20D329AE93CD0016AE90 /* TicTacToe SwiftUI.app */,
				B09A20E329AE93D10016AE90 /* TicTacToe SwiftUITests.xctest */,
				B09A20ED29AE93D10016AE90 /* TicTacToe SwiftUIUITests.xctest */,
			);
			name = Products;
			sourceTree = "<group>";
		};
		B09A20D529AE93CD0016AE90 /* TicTacToe SwiftUI */ = {
			isa = PBXGroup;
			children = (
				B09A20D629AE93CD0016AE90 /* TicTacToe_SwiftUIApp.swift */,
				B09A20D829AE93CD0016AE90 /* ContentView.swift */,
				B09A20DA29AE93D00016AE90 /* Assets.xcassets */,
				B09A20DC29AE93D00016AE90 /* Preview Content */,
			);
			path = "TicTacToe SwiftUI";
			sourceTree = "<group>";
		};
		B09A20DC29AE93D00016AE90 /* Preview Content */ = {
			isa = PBXGroup;
			children = (
				B09A20DD29AE93D00016AE90 /* Preview Assets.xcassets */,
			);
			path = "Preview Content";
			sourceTree = "<group>";
		};
		B09A20E629AE93D10016AE90 /* TicTacToe SwiftUITests */ = {
			isa = PBXGroup;
			children = (
				B09A20E729AE93D10016AE90 /* TicTacToe_SwiftUITests.swift */,
			);
			path = "TicTacToe SwiftUITests";
			sourceTree = "<group>";
		};
		B09A20F029AE93D10016AE90 /* TicTacToe SwiftUIUITests */ = {
			isa = PBXGroup;
			children = (
				B09A20F129AE93D10016AE90 /* TicTacToe_SwiftUIUITests.swift */,
				B09A20F329AE93D10016AE90 /* TicTacToe_SwiftUIUITestsLaunchTests.swift */,
			);
			path = "TicTacToe SwiftUIUITests";
			sourceTree = "<group>";
		};
/* End PBXGroup section */

/* Begin PBXNativeTarget section */
		B09A20D229AE93CD0016AE90 /* TicTacToe SwiftUI */ = {
			isa = PBXNativeTarget;
			buildConfigurationList = B09A20F729AE93D10016AE90 /* Build configuration list for PBXNativeTarget "TicTacToe SwiftUI" */;
			buildPhases = (
				B09A20CF29AE93CD0016AE90 /* Sources */,
				B09A20D029AE93CD0016AE90 /* Frameworks */,
				B09A20D129AE93CD0016AE90 /* Resources */,
			);
			buildRules = (
			);
			dependencies = (
			);
			name = "TicTacToe SwiftUI";
			productName = "TicTacToe SwiftUI";
			productReference = B09A20D329AE93CD0016AE90 /* TicTacToe SwiftUI.app */;
			productType = "com.apple.product-type.application";
		};
		B09A20E229AE93D10016AE90 /* TicTacToe SwiftUITests */ = {
			isa = PBXNativeTarget;
			buildConfigurationList = B09A20FA29AE93D10016AE90 /* Build configuration list for PBXNativeTarget "TicTacToe SwiftUITests" */;
			buildPhases = (
				B09A20DF29AE93D10016AE90 /* Sources */,
				B09A20E029AE93D10016AE90 /* Frameworks */,
				B09A20E129AE93D10016AE90 /* Resources */,
			);
			buildRules = (
			);
			dependencies = (
				B09A20E529AE93D10016AE90 /* PBXTargetDependency */,
			);
			name = "TicTacToe SwiftUITests";
			productName = "TicTacToe SwiftUITests";
			productReference = B09A20E329AE93D10016AE90 /* TicTacToe SwiftUITests.xctest */;
			productType = "com.apple.product-type.bundle.unit-test";
		};
		B09A20EC29AE93D10016AE90 /* TicTacToe SwiftUIUITests */ = {
			isa = PBXNativeTarget;
			buildConfigurationList = B09A20FD29AE93D10016AE90 /* Build configuration list for PBXNativeTarget "TicTacToe SwiftUIUITests" */;
			buildPhases = (
				B09A20E929AE93D10016AE90 /* Sources */,
				B09A20EA29AE93D10016AE90 /* Frameworks */,
				B09A20EB29AE93D10016AE90 /* Resources */,
			);
			buildRules = (
			);
			dependencies = (
				B09A20EF29AE93D10016AE90 /* PBXTargetDependency */,
			);
			name = "TicTacToe SwiftUIUITests";
			productName = "TicTacToe SwiftUIUITests";
			productReference = B09A20ED29AE93D10016AE90 /* TicTacToe SwiftUIUITests.xctest */;
			productType = "com.apple.product-type.bundle.ui-testing";
		};
/* End PBXNativeTarget section */

/* Begin PBXProject section */
		B09A20CB29AE93CD0016AE90 /* Project object */ = {
			isa = PBXProject;
			attributes = {
				BuildIndependentTargetsInParallel = 1;
				LastSwiftUpdateCheck = 1420;
				LastUpgradeCheck = 1420;
				TargetAttributes = {
					B09A20D229AE93CD0016AE90 = {
						CreatedOnToolsVersion = 14.2;
					};
					B09A20E229AE93D10016AE90 = {
						CreatedOnToolsVersion = 14.2;
						TestTargetID = B09A20D229AE93CD0016AE90;
					};
					B09A20EC29AE93D10016AE90 = {
						CreatedOnToolsVersion = 14.2;
						TestTargetID = B09A20D229AE93CD0016AE90;
					};
				};
			};
			buildConfigurationList = B09A20CE29AE93CD0016AE90 /* Build configuration list for PBXProject "TicTacToe SwiftUI" */;
			compatibilityVersion = "Xcode 14.0";
			developmentRegion = en;
			hasScannedForEncodings = 0;
			knownRegions = (
				en,
				Base,
			);
			mainGroup = B09A20CA29AE93CD0016AE90;
			productRefGroup = B09A20D429AE93CD0016AE90 /* Products */;
			projectDirPath = "";
			projectRoot = "";
			targets = (
				B09A20D229AE93CD0016AE90 /* TicTacToe SwiftUI */,
				B09A20E229AE93D10016AE90 /* TicTacToe SwiftUITests */,
				B09A20EC29AE93D10016AE90 /* TicTacToe SwiftUIUITests */,
			);
		};
/* End PBXProject section */

/* Begin PBXResourcesBuildPhase section */
		B09A20D129AE93CD0016AE90 /* Resources */ = {
			isa = PBXResourcesBuildPhase;
			buildActionMask = 2147483647;
			files = (
				B09A20DE29AE93D00016AE90 /* Preview Assets.xcassets in Resources */,
				B09A20DB29AE93D00016AE90 /* Assets.xcassets in Resources */,
			);
			runOnlyForDeploymentPostprocessing = 0;
		};
		B09A20E129AE93D10016AE90 /* Resources */ = {
			isa = PBXResourcesBuildPhase;
			buildActionMask = 2147483647;
			files = (
			);
			runOnlyForDeploymentPostprocessing = 0;
		};
		B09A20EB29AE93D10016AE90 /* Resources */ = {
			isa = PBXResourcesBuildPhase;
			buildActionMask = 2147483647;
			files = (
			);
			runOnlyForDeploymentPostprocessing = 0;
		};
/* End PBXResourcesBuildPhase section */

/* Begin PBXSourcesBuildPhase section */
		B09A20CF29AE93CD0016AE90 /* Sources */ = {
			isa = PBXSourcesBuildPhase;
			buildActionMask = 2147483647;
			files = (
				B09A20D929AE93CD0016AE90 /* ContentView.swift in Sources */,
				B09A20D729AE93CD0016AE90 /* TicTacToe_SwiftUIApp.swift in Sources */,
			);
			runOnlyForDeploymentPostprocessing = 0;
		};
		B09A20DF29AE93D10016AE90 /* Sources */ = {
			isa = PBXSourcesBuildPhase;
			buildActionMask = 2147483647;
			files = (
				B09A20E829AE93D10016AE90 /* TicTacToe_SwiftUITests.swift in Sources */,
			);
			runOnlyForDeploymentPostprocessing = 0;
		};
		B09A20E929AE93D10016AE90 /* Sources */ = {
			isa = PBXSourcesBuildPhase;
			buildActionMask = 2147483647;
			files = (
				B09A20F229AE93D10016AE90 /* TicTacToe_SwiftUIUITests.swift in Sources */,
				B09A20F429AE93D10016AE90 /* TicTacToe_SwiftUIUITestsLaunchTests.swift in Sources */,
			);
			runOnlyForDeploymentPostprocessing = 0;
		};
/* End PBXSourcesBuildPhase section */

/* Begin PBXTargetDependency section */
		B09A20E529AE93D10016AE90 /* PBXTargetDependency */ = {
			isa = PBXTargetDependency;
			target = B09A20D229AE93CD0016AE90 /* TicTacToe SwiftUI */;
			targetProxy = B09A20E429AE93D10016AE90 /* PBXContainerItemProxy */;
		};
		B09A20EF29AE93D10016AE90 /* PBXTargetDependency */ = {
			isa = PBXTargetDependency;
			target = B09A20D229AE93CD0016AE90 /* TicTacToe SwiftUI */;
			targetProxy = B09A20EE29AE93D10016AE90 /* PBXContainerItemProxy */;
		};
/* End PBXTargetDependency section */

/* Begin XCBuildConfiguration section */
		B09A20F529AE93D10016AE90 /* Debug */ = {
			isa = XCBuildConfiguration;
			buildSettings = {
				ALWAYS_SEARCH_USER_PATHS = NO;
				CLANG_ANALYZER_NONNULL = YES;
				CLANG_ANALYZER_NUMBER_OBJECT_CONVERSION = YES_AGGRESSIVE;
				CLANG_CXX_LANGUAGE_STANDARD = "gnu++20";
				CLANG_ENABLE_MODULES = YES;
				CLANG_ENABLE_OBJC_ARC = YES;
				CLANG_ENABLE_OBJC_WEAK = YES;
				CLANG_WARN_BLOCK_CAPTURE_AUTORELEASING = YES;
				CLANG_WARN_BOOL_CONVERSION = YES;
				CLANG_WARN_COMMA = YES;
				CLANG_WARN_CONSTANT_CONVERSION = YES;
				CLANG_WARN_DEPRECATED_OBJC_IMPLEMENTATIONS = YES;
				CLANG_WARN_DIRECT_OBJC_ISA_USAGE = YES_ERROR;
				CLANG_WARN_DOCUMENTATION_COMMENTS = YES;
				CLANG_WARN_EMPTY_BODY = YES;
				CLANG_WARN_ENUM_CONVERSION = YES;
				CLANG_WARN_INFINITE_RECURSION = YES;
				CLANG_WARN_INT_CONVERSION = YES;
				CLANG_WARN_NON_LITERAL_NULL_CONVERSION = YES;
				CLANG_WARN_OBJC_IMPLICIT_RETAIN_SELF = YES;
				CLANG_WARN_OBJC_LITERAL_CONVERSION = YES;
				CLANG_WARN_OBJC_ROOT_CLASS = YES_ERROR;
				CLANG_WARN_QUOTED_INCLUDE_IN_FRAMEWORK_HEADER = YES;
				CLANG_WARN_RANGE_LOOP_ANALYSIS = YES;
				CLANG_WARN_STRICT_PROTOTYPES = YES;
				CLANG_WARN_SUSPICIOUS_MOVE = YES;
				CLANG_WARN_UNGUARDED_AVAILABILITY = YES_AGGRESSIVE;
				CLANG_WARN_UNREACHABLE_CODE = YES;
				CLANG_WARN__DUPLICATE_METHOD_MATCH = YES;
				COPY_PHASE_STRIP = NO;
				DEBUG_INFORMATION_FORMAT = dwarf;
				ENABLE_STRICT_OBJC_MSGSEND = YES;
				ENABLE_TESTABILITY = YES;
				GCC_C_LANGUAGE_STANDARD = gnu11;
				GCC_DYNAMIC_NO_PIC = NO;
				GCC_NO_COMMON_BLOCKS = YES;
				GCC_OPTIMIZATION_LEVEL = 0;
				GCC_PREPROCESSOR_DEFINITIONS = (
					"DEBUG=1",
					"$(inherited)",
				);
				GCC_WARN_64_TO_32_BIT_CONVERSION = YES;
				GCC_WARN_ABOUT_RETURN_TYPE = YES_ERROR;
				GCC_WARN_UNDECLARED_SELECTOR = YES;
				GCC_WARN_UNINITIALIZED_AUTOS = YES_AGGRESSIVE;
				GCC_WARN_UNUSED_FUNCTION = YES;
				GCC_WARN_UNUSED_VARIABLE = YES;
				IPHONEOS_DEPLOYMENT_TARGET = 16.2;
				MTL_ENABLE_DEBUG_INFO = INCLUDE_SOURCE;
				MTL_FAST_MATH = YES;
				ONLY_ACTIVE_ARCH = YES;
				SDKROOT = iphoneos;
				SWIFT_ACTIVE_COMPILATION_CONDITIONS = DEBUG;
				SWIFT_OPTIMIZATION_LEVEL = "-Onone";
			};
			name = Debug;
		};
		B09A20F629AE93D10016AE90 /* Release */ = {
			isa = XCBuildConfiguration;
			buildSettings = {
				ALWAYS_SEARCH_USER_PATHS = NO;
				CLANG_ANALYZER_NONNULL = YES;
				CLANG_ANALYZER_NUMBER_OBJECT_CONVERSION = YES_AGGRESSIVE;
				CLANG_CXX_LANGUAGE_STANDARD = "gnu++20";
				CLANG_ENABLE_MODULES = YES;
				CLANG_ENABLE_OBJC_ARC = YES;
				CLANG_ENABLE_OBJC_WEAK = YES;
				CLANG_WARN_BLOCK_CAPTURE_AUTORELEASING = YES;
				CLANG_WARN_BOOL_CONVERSION = YES;
				CLANG_WARN_COMMA = YES;
				CLANG_WARN_CONSTANT_CONVERSION = YES;
				CLANG_WARN_DEPRECATED_OBJC_IMPLEMENTATIONS = YES;
				CLANG_WARN_DIRECT_OBJC_ISA_USAGE = YES_ERROR;
				CLANG_WARN_DOCUMENTATION_COMMENTS = YES;
				CLANG_WARN_EMPTY_BODY = YES;
				CLANG_WARN_ENUM_CONVERSION = YES;
				CLANG_WARN_INFINITE_RECURSION = YES;
				CLANG_WARN_INT_CONVERSION = YES;
				CLANG_WARN_NON_LITERAL_NULL_CONVERSION = YES;
				CLANG_WARN_OBJC_IMPLICIT_RETAIN_SELF = YES;
				CLANG_WARN_OBJC_LITERAL_CONVERSION = YES;
				CLANG_WARN_OBJC_ROOT_CLASS = YES_ERROR;
				CLANG_WARN_QUOTED_INCLUDE_IN_FRAMEWORK_HEADER = YES;
				CLANG_WARN_RANGE_LOOP_ANALYSIS = YES;
				CLANG_WARN_STRICT_PROTOTYPES = YES;
				CLANG_WARN_SUSPICIOUS_MOVE = YES;
				CLANG_WARN_UNGUARDED_AVAILABILITY = YES_AGGRESSIVE;
				CLANG_WARN_UNREACHABLE_CODE = YES;
				CLANG_WARN__DUPLICATE_METHOD_MATCH = YES;
				COPY_PHASE_STRIP = NO;
				DEBUG_INFORMATION_FORMAT = "dwarf-with-dsym";
				ENABLE_NS_ASSERTIONS = NO;
				ENABLE_STRICT_OBJC_MSGSEND = YES;
				GCC_C_LANGUAGE_STANDARD = gnu11;
				GCC_NO_COMMON_BLOCKS = YES;
				GCC_WARN_64_TO_32_BIT_CONVERSION = YES;
				GCC_WARN_ABOUT_RETURN_TYPE = YES_ERROR;
				GCC_WARN_UNDECLARED_SELECTOR = YES;
				GCC_WARN_UNINITIALIZED_AUTOS = YES_AGGRESSIVE;
				GCC_WARN_UNUSED_FUNCTION = YES;
				GCC_WARN_UNUSED_VARIABLE = YES;
				IPHONEOS_DEPLOYMENT_TARGET = 16.2;
				MTL_ENABLE_DEBUG_INFO = NO;
				MTL_FAST_MATH = YES;
				SDKROOT = iphoneos;
				SWIFT_COMPILATION_MODE = wholemodule;
				SWIFT_OPTIMIZATION_LEVEL = "-O";
				VALIDATE_PRODUCT = YES;
			};
			name = Release;
		};
		B09A20F829AE93D10016AE90 /* Debug */ = {
			isa = XCBuildConfiguration;
			buildSettings = {
				ASSETCATALOG_COMPILER_APPICON_NAME = AppIcon;
				ASSETCATALOG_COMPILER_GLOBAL_ACCENT_COLOR_NAME = AccentColor;
				CODE_SIGN_STYLE = Automatic;
				CURRENT_PROJECT_VERSION = 1;
				DEVELOPMENT_ASSET_PATHS = "\"TicTacToe SwiftUI/Preview Content\"";
				DEVELOPMENT_TEAM = 79HGVNK72U;
				ENABLE_PREVIEWS = YES;
				GENERATE_INFOPLIST_FILE = YES;
				INFOPLIST_KEY_UIApplicationSceneManifest_Generation = YES;
				INFOPLIST_KEY_UIApplicationSupportsIndirectInputEvents = YES;
				INFOPLIST_KEY_UILaunchScreen_Generation = YES;
				INFOPLIST_KEY_UISupportedInterfaceOrientations_iPad = "UIInterfaceOrientationPortrait UIInterfaceOrientationPortraitUpsideDown UIInterfaceOrientationLandscapeLeft UIInterfaceOrientationLandscapeRight";
				INFOPLIST_KEY_UISupportedInterfaceOrientations_iPhone = "UIInterfaceOrientationPortrait UIInterfaceOrientationLandscapeLeft UIInterfaceOrientationLandscapeRight";
				LD_RUNPATH_SEARCH_PATHS = (
					"$(inherited)",
					"@executable_path/Frameworks",
				);
				MARKETING_VERSION = 1.0;
				PRODUCT_BUNDLE_IDENTIFIER = "com.moriso.TicTacToe-SwiftUI";
				PRODUCT_NAME = "$(TARGET_NAME)";
				SWIFT_EMIT_LOC_STRINGS = YES;
				SWIFT_VERSION = 5.0;
				TARGETED_DEVICE_FAMILY = "1,2";
			};
			name = Debug;
		};
		B09A20F929AE93D10016AE90 /* Release */ = {
			isa = XCBuildConfiguration;
			buildSettings = {
				ASSETCATALOG_COMPILER_APPICON_NAME = AppIcon;
				ASSETCATALOG_COMPILER_GLOBAL_ACCENT_COLOR_NAME = AccentColor;
				CODE_SIGN_STYLE = Automatic;
				CURRENT_PROJECT_VERSION = 1;
				DEVELOPMENT_ASSET_PATHS = "\"TicTacToe SwiftUI/Preview Content\"";
				DEVELOPMENT_TEAM = 79HGVNK72U;
				ENABLE_PREVIEWS = YES;
				GENERATE_INFOPLIST_FILE = YES;
				INFOPLIST_KEY_UIApplicationSceneManifest_Generation = YES;
				INFOPLIST_KEY_UIApplicationSupportsIndirectInputEvents = YES;
				INFOPLIST_KEY_UILaunchScreen_Generation = YES;
				INFOPLIST_KEY_UISupportedInterfaceOrientations_iPad = "UIInterfaceOrientationPortrait UIInterfaceOrientationPortraitUpsideDown UIInterfaceOrientationLandscapeLeft UIInterfaceOrientationLandscapeRight";
				INFOPLIST_KEY_UISupportedInterfaceOrientations_iPhone = "UIInterfaceOrientationPortrait UIInterfaceOrientationLandscapeLeft UIInterfaceOrientationLandscapeRight";
				LD_RUNPATH_SEARCH_PATHS = (
					"$(inherited)",
					"@executable_path/Frameworks",
				);
				MARKETING_VERSION = 1.0;
				PRODUCT_BUNDLE_IDENTIFIER = "com.moriso.TicTacToe-SwiftUI";
				PRODUCT_NAME = "$(TARGET_NAME)";
				SWIFT_EMIT_LOC_STRINGS = YES;
				SWIFT_VERSION = 5.0;
				TARGETED_DEVICE_FAMILY = "1,2";
			};
			name = Release;
		};
		B09A20FB29AE93D10016AE90 /* Debug */ = {
			isa = XCBuildConfiguration;
			buildSettings = {
				ALWAYS_EMBED_SWIFT_STANDARD_LIBRARIES = YES;
				BUNDLE_LOADER = "$(TEST_HOST)";
				CODE_SIGN_STYLE = Automatic;
				CURRENT_PROJECT_VERSION = 1;
				DEVELOPMENT_TEAM = 79HGVNK72U;
				GENERATE_INFOPLIST_FILE = YES;
				IPHONEOS_DEPLOYMENT_TARGET = 16.2;
				MARKETING_VERSION = 1.0;
				PRODUCT_BUNDLE_IDENTIFIER = "com.moriso.TicTacToe-SwiftUITests";
				PRODUCT_NAME = "$(TARGET_NAME)";
				SWIFT_EMIT_LOC_STRINGS = NO;
				SWIFT_VERSION = 5.0;
				TARGETED_DEVICE_FAMILY = "1,2";
				TEST_HOST = "$(BUILT_PRODUCTS_DIR)/TicTacToe SwiftUI.app/$(BUNDLE_EXECUTABLE_FOLDER_PATH)/TicTacToe SwiftUI";
			};
			name = Debug;
		};
		B09A20FC29AE93D10016AE90 /* Release */ = {
			isa = XCBuildConfiguration;
			buildSettings = {
				ALWAYS_EMBED_SWIFT_STANDARD_LIBRARIES = YES;
				BUNDLE_LOADER = "$(TEST_HOST)";
				CODE_SIGN_STYLE = Automatic;
				CURRENT_PROJECT_VERSION = 1;
				DEVELOPMENT_TEAM = 79HGVNK72U;
				GENERATE_INFOPLIST_FILE = YES;
				IPHONEOS_DEPLOYMENT_TARGET = 16.2;
				MARKETING_VERSION = 1.0;
				PRODUCT_BUNDLE_IDENTIFIER = "com.moriso.TicTacToe-SwiftUITests";
				PRODUCT_NAME = "$(TARGET_NAME)";
				SWIFT_EMIT_LOC_STRINGS = NO;
				SWIFT_VERSION = 5.0;
				TARGETED_DEVICE_FAMILY = "1,2";
				TEST_HOST = "$(BUILT_PRODUCTS_DIR)/TicTacToe SwiftUI.app/$(BUNDLE_EXECUTABLE_FOLDER_PATH)/TicTacToe SwiftUI";
			};
			name = Release;
		};
		B09A20FE29AE93D10016AE90 /* Debug */ = {
			isa = XCBuildConfiguration;
			buildSettings = {
				ALWAYS_EMBED_SWIFT_STANDARD_LIBRARIES = YES;
				CODE_SIGN_STYLE = Automatic;
				CURRENT_PROJECT_VERSION = 1;
				DEVELOPMENT_TEAM = 79HGVNK72U;
				GENERATE_INFOPLIST_FILE = YES;
				MARKETING_VERSION = 1.0;
				PRODUCT_BUNDLE_IDENTIFIER = "com.moriso.TicTacToe-SwiftUIUITests";
				PRODUCT_NAME = "$(TARGET_NAME)";
				SWIFT_EMIT_LOC_STRINGS = NO;
				SWIFT_VERSION = 5.0;
				TARGETED_DEVICE_FAMILY = "1,2";
				TEST_TARGET_NAME = "TicTacToe SwiftUI";
			};
			name = Debug;
		};
		B09A20FF29AE93D10016AE90 /* Release */ = {
			isa = XCBuildConfiguration;
			buildSettings = {
				ALWAYS_EMBED_SWIFT_STANDARD_LIBRARIES = YES;
				CODE_SIGN_STYLE = Automatic;
				CURRENT_PROJECT_VERSION = 1;
				DEVELOPMENT_TEAM = 79HGVNK72U;
				GENERATE_INFOPLIST_FILE = YES;
				MARKETING_VERSION = 1.0;
				PRODUCT_BUNDLE_IDENTIFIER = "com.moriso.TicTacToe-SwiftUIUITests";
				PRODUCT_NAME = "$(TARGET_NAME)";
				SWIFT_EMIT_LOC_STRINGS = NO;
				SWIFT_VERSION = 5.0;
				TARGETED_DEVICE_FAMILY = "1,2";
				TEST_TARGET_NAME = "TicTacToe SwiftUI";
			};
			name = Release;
		};
/* End XCBuildConfiguration section */

/* Begin XCConfigurationList section */
		B09A20CE29AE93CD0016AE90 /* Build configuration list for PBXProject "TicTacToe SwiftUI" */ = {
			isa = XCConfigurationList;
			buildConfigurations = (
				B09A20F529AE93D10016AE90 /* Debug */,
				B09A20F629AE93D10016AE90 /* Release */,
			);
			defaultConfigurationIsVisible = 0;
			defaultConfigurationName = Release;
		};
		B09A20F729AE93D10016AE90 /* Build configuration list for PBXNativeTarget "TicTacToe SwiftUI" */ = {
			isa = XCConfigurationList;
			buildConfigurations = (
				B09A20F829AE93D10016AE90 /* Debug */,
				B09A20F929AE93D10016AE90 /* Release */,
			);
			defaultConfigurationIsVisible = 0;
			defaultConfigurationName = Release;
		};
		B09A20FA29AE93D10016AE90 /* Build configuration list for PBXNativeTarget "TicTacToe SwiftUITests" */ = {
			isa = XCConfigurationList;
			buildConfigurations = (
				B09A20FB29AE93D10016AE90 /* Debug */,
				B09A20FC29AE93D10016AE90 /* Release */,
			);
			defaultConfigurationIsVisible = 0;
			defaultConfigurationName = Release;
		};
		B09A20FD29AE93D10016AE90 /* Build configuration list for PBXNativeTarget "TicTacToe SwiftUIUITests" */ = {
			isa = XCConfigurationList;
			buildConfigurations = (
				B09A20FE29AE93D10016AE90 /* Debug */,
				B09A20FF29AE93D10016AE90 /* Release */,
			);
			defaultConfigurationIsVisible = 0;
			defaultConfigurationName = Release;
		};
/* End XCConfigurationList section */
	};
	rootObject = B09A20CB29AE93CD0016AE90 /* Project object */;
}
